lockfileVersion: '9.0'

settings:
  autoInstallPeers: true
  excludeLinksFromLockfile: false

importers:

  .:
    dependencies:
      crypto-js:
        specifier: ^4.2.0
        version: 4.2.0
      kapcacher:
        specifier: ^0.2.2
        version: 0.2.2
    devDependencies:
      '@types/crypto-js':
        specifier: ^4.2.2
        version: 4.2.2
      '@types/node':
        specifier: ^20.12.13
        version: 20.12.13
      dprint:
        specifier: ^0.45.1
        version: 0.45.1
      dts-bundle-generator:
        specifier: ^9.5.1
        version: 9.5.1
      esbuild:
        specifier: ^0.13.15
        version: 0.13.15
      kaplay:
        specifier: 3001.0.0-alpha.22
        version: 3001.0.0-alpha.22
      typescript:
        specifier: ^5.4.5
        version: 5.4.5
      vite:
        specifier: ^5.4.2
        version: 5.4.2(@types/node@20.12.13)

packages:

  '@dprint/darwin-arm64@0.45.1':
    resolution: {integrity: sha512-pH0/uKLJ5SJPoHhOwLWFMhCmL0BY3FzWQbull8OGMK/FRkIPgOl2adZSovtUZpUMGWyDOzIWH1fW9X2DuMhnEg==}
    cpu: [arm64]
    os: [darwin]

  '@dprint/darwin-arm64@0.47.2':
    resolution: {integrity: sha512-mVPFBJsXxGDKHHCAY8wbqOyS4028g1bN15H9tivCnPAjwaZhkUimZHXWejXADjhGn+Xm2SlakugY9PY/68pH3Q==}
    cpu: [arm64]
    os: [darwin]

  '@dprint/darwin-x64@0.45.1':
    resolution: {integrity: sha512-YUj421LmBLDlxpIER3pORKfQmpmXD50n5mClHjpZrnl17WTiHtQ+jHvDJdJoxH2eS66W0mQyxLoGo5SfFfiM7A==}
    cpu: [x64]
    os: [darwin]

  '@dprint/darwin-x64@0.47.2':
    resolution: {integrity: sha512-T7wzlc+rBV+6BRRiBjoqoy5Hj4TR2Nv2p2s9+ycyPGs10Kj/JXOWD8dnEHeBgUr2r4qe/ZdcxmsFQ5Hf2n0WuA==}
    cpu: [x64]
    os: [darwin]

  '@dprint/linux-arm64-glibc@0.45.1':
    resolution: {integrity: sha512-lJ7s/pOQWRJ0mstjZQnVyX2/3QRXZ9cpFHJDZ7e81Y8QSn/iqxTrnK0DPgxUrDG8hYKQmWQdQLU4sP5DKBz0Jg==}
    cpu: [arm64]
    os: [linux]

  '@dprint/linux-arm64-glibc@0.47.2':
    resolution: {integrity: sha512-B0m1vT5LdVtrNOVdkqpLPrSxuCD+l5bTIgRzPaDoIB1ChWQkler9IlX8C+RStpujjPj6SYvwo5vTzjQSvRdQkA==}
    cpu: [arm64]
    os: [linux]

  '@dprint/linux-arm64-musl@0.45.1':
    resolution: {integrity: sha512-un2awe1L1sAJLsCPSEUrE0/cgupdzbYFoyBOutyU1zHR9KQn47AtIDw+chvuinU4xleHDuEGyXGuJ6NE+Ky6vw==}
    cpu: [arm64]
    os: [linux]

  '@dprint/linux-arm64-musl@0.47.2':
    resolution: {integrity: sha512-zID6wZZqpg2/Q2Us+ERQkbhLwlW3p3xaeEr00MPf49bpydmEjMiPuSjWPkNv+slQSIyIsVovOxF4lbNZjsdtvw==}
    cpu: [arm64]
    os: [linux]

  '@dprint/linux-x64-glibc@0.45.1':
    resolution: {integrity: sha512-5Civht90S/g8zlyYB7n4oH78p+sLbNqeFCFuImJRK7uRxZwCRya7lji6RwlB6DQ7qngVqovTHj9RLOYfZzfVlg==}
    cpu: [x64]
    os: [linux]

  '@dprint/linux-x64-glibc@0.47.2':
    resolution: {integrity: sha512-rB3WXMdINnRd33DItIp7mObS7dzHW90ZzeJSsoKJLPp+Z7wXjjb27UUowfqVI4baa/1pd7sdbX54DPohMtfu/A==}
    cpu: [x64]
    os: [linux]

  '@dprint/linux-x64-musl@0.45.1':
    resolution: {integrity: sha512-p2/gjnHDd8GRCvtey5HZO4o/He6pSmY/zpcCuIXprFW9P0vNlEj3DFhz4FPpOKXM+csrsVWWs2E0T/xr5QZtVg==}
    cpu: [x64]
    os: [linux]

  '@dprint/linux-x64-musl@0.47.2':
    resolution: {integrity: sha512-E0+TNbzYdTXJ/jCVjUctVxkda/faw++aDQLfyWGcmdMJnbM7NZz+W4fUpDXzMPsjy+zTWxXcPK7/q2DZz2gnbg==}
    cpu: [x64]
    os: [linux]

  '@dprint/win32-arm64@0.47.2':
    resolution: {integrity: sha512-K1EieTCFjfOCmyIhw9zFSduE6qVCNHEveupqZEfbSkVGw5T9MJQ1I9+n7MDb3RIDYEUk0enJ58/w82q8oDKCyA==}
    cpu: [arm64]
    os: [win32]

  '@dprint/win32-x64@0.45.1':
    resolution: {integrity: sha512-2l78XM7KsW46P2Yv6uPB3fE+y92EsBlrCxi+RVQ0pbznPFdMdkLyGgaCuh683zdld14jHlaADpIQ7YchGAEMAg==}
    cpu: [x64]
    os: [win32]

  '@dprint/win32-x64@0.47.2':
    resolution: {integrity: sha512-LhizWr8VrhHvq4ump8HwOERyFmdLiE8C6A42QSntGXzKdaa2nEOq20x/o56ZIiDcesiV+1TmosMKimPcOZHa+Q==}
    cpu: [x64]
    os: [win32]

  '@esbuild/aix-ppc64@0.21.5':
    resolution: {integrity: sha512-1SDgH6ZSPTlggy1yI6+Dbkiz8xzpHJEVAlF/AM1tHPLsf5STom9rwtjE4hKAF20FfXXNTFqEYXyJNWh1GiZedQ==}
    engines: {node: '>=12'}
    cpu: [ppc64]
    os: [aix]

  '@esbuild/android-arm64@0.21.5':
    resolution: {integrity: sha512-c0uX9VAUBQ7dTDCjq+wdyGLowMdtR/GoC2U5IYk/7D1H1JYC0qseD7+11iMP2mRLN9RcCMRcjC4YMclCzGwS/A==}
    engines: {node: '>=12'}
    cpu: [arm64]
    os: [android]

  '@esbuild/android-arm@0.21.5':
    resolution: {integrity: sha512-vCPvzSjpPHEi1siZdlvAlsPxXl7WbOVUBBAowWug4rJHb68Ox8KualB+1ocNvT5fjv6wpkX6o/iEpbDrf68zcg==}
    engines: {node: '>=12'}
    cpu: [arm]
    os: [android]

  '@esbuild/android-x64@0.21.5':
    resolution: {integrity: sha512-D7aPRUUNHRBwHxzxRvp856rjUHRFW1SdQATKXH2hqA0kAZb1hKmi02OpYRacl0TxIGz/ZmXWlbZgjwWYaCakTA==}
    engines: {node: '>=12'}
    cpu: [x64]
    os: [android]

  '@esbuild/darwin-arm64@0.21.5':
    resolution: {integrity: sha512-DwqXqZyuk5AiWWf3UfLiRDJ5EDd49zg6O9wclZ7kUMv2WRFr4HKjXp/5t8JZ11QbQfUS6/cRCKGwYhtNAY88kQ==}
    engines: {node: '>=12'}
    cpu: [arm64]
    os: [darwin]

  '@esbuild/darwin-x64@0.21.5':
    resolution: {integrity: sha512-se/JjF8NlmKVG4kNIuyWMV/22ZaerB+qaSi5MdrXtd6R08kvs2qCN4C09miupktDitvh8jRFflwGFBQcxZRjbw==}
    engines: {node: '>=12'}
    cpu: [x64]
    os: [darwin]

  '@esbuild/freebsd-arm64@0.21.5':
    resolution: {integrity: sha512-5JcRxxRDUJLX8JXp/wcBCy3pENnCgBR9bN6JsY4OmhfUtIHe3ZW0mawA7+RDAcMLrMIZaf03NlQiX9DGyB8h4g==}
    engines: {node: '>=12'}
    cpu: [arm64]
    os: [freebsd]

  '@esbuild/freebsd-x64@0.21.5':
    resolution: {integrity: sha512-J95kNBj1zkbMXtHVH29bBriQygMXqoVQOQYA+ISs0/2l3T9/kj42ow2mpqerRBxDJnmkUDCaQT/dfNXWX/ZZCQ==}
    engines: {node: '>=12'}
    cpu: [x64]
    os: [freebsd]

  '@esbuild/linux-arm64@0.21.5':
    resolution: {integrity: sha512-ibKvmyYzKsBeX8d8I7MH/TMfWDXBF3db4qM6sy+7re0YXya+K1cem3on9XgdT2EQGMu4hQyZhan7TeQ8XkGp4Q==}
    engines: {node: '>=12'}
    cpu: [arm64]
    os: [linux]

  '@esbuild/linux-arm@0.21.5':
    resolution: {integrity: sha512-bPb5AHZtbeNGjCKVZ9UGqGwo8EUu4cLq68E95A53KlxAPRmUyYv2D6F0uUI65XisGOL1hBP5mTronbgo+0bFcA==}
    engines: {node: '>=12'}
    cpu: [arm]
    os: [linux]

  '@esbuild/linux-ia32@0.21.5':
    resolution: {integrity: sha512-YvjXDqLRqPDl2dvRODYmmhz4rPeVKYvppfGYKSNGdyZkA01046pLWyRKKI3ax8fbJoK5QbxblURkwK/MWY18Tg==}
    engines: {node: '>=12'}
    cpu: [ia32]
    os: [linux]

  '@esbuild/linux-loong64@0.21.5':
    resolution: {integrity: sha512-uHf1BmMG8qEvzdrzAqg2SIG/02+4/DHB6a9Kbya0XDvwDEKCoC8ZRWI5JJvNdUjtciBGFQ5PuBlpEOXQj+JQSg==}
    engines: {node: '>=12'}
    cpu: [loong64]
    os: [linux]

  '@esbuild/linux-mips64el@0.21.5':
    resolution: {integrity: sha512-IajOmO+KJK23bj52dFSNCMsz1QP1DqM6cwLUv3W1QwyxkyIWecfafnI555fvSGqEKwjMXVLokcV5ygHW5b3Jbg==}
    engines: {node: '>=12'}
    cpu: [mips64el]
    os: [linux]

  '@esbuild/linux-ppc64@0.21.5':
    resolution: {integrity: sha512-1hHV/Z4OEfMwpLO8rp7CvlhBDnjsC3CttJXIhBi+5Aj5r+MBvy4egg7wCbe//hSsT+RvDAG7s81tAvpL2XAE4w==}
    engines: {node: '>=12'}
    cpu: [ppc64]
    os: [linux]

  '@esbuild/linux-riscv64@0.21.5':
    resolution: {integrity: sha512-2HdXDMd9GMgTGrPWnJzP2ALSokE/0O5HhTUvWIbD3YdjME8JwvSCnNGBnTThKGEB91OZhzrJ4qIIxk/SBmyDDA==}
    engines: {node: '>=12'}
    cpu: [riscv64]
    os: [linux]

  '@esbuild/linux-s390x@0.21.5':
    resolution: {integrity: sha512-zus5sxzqBJD3eXxwvjN1yQkRepANgxE9lgOW2qLnmr8ikMTphkjgXu1HR01K4FJg8h1kEEDAqDcZQtbrRnB41A==}
    engines: {node: '>=12'}
    cpu: [s390x]
    os: [linux]

  '@esbuild/linux-x64@0.21.5':
    resolution: {integrity: sha512-1rYdTpyv03iycF1+BhzrzQJCdOuAOtaqHTWJZCWvijKD2N5Xu0TtVC8/+1faWqcP9iBCWOmjmhoH94dH82BxPQ==}
    engines: {node: '>=12'}
    cpu: [x64]
    os: [linux]

  '@esbuild/netbsd-x64@0.21.5':
    resolution: {integrity: sha512-Woi2MXzXjMULccIwMnLciyZH4nCIMpWQAs049KEeMvOcNADVxo0UBIQPfSmxB3CWKedngg7sWZdLvLczpe0tLg==}
    engines: {node: '>=12'}
    cpu: [x64]
    os: [netbsd]

  '@esbuild/openbsd-x64@0.21.5':
    resolution: {integrity: sha512-HLNNw99xsvx12lFBUwoT8EVCsSvRNDVxNpjZ7bPn947b8gJPzeHWyNVhFsaerc0n3TsbOINvRP2byTZ5LKezow==}
    engines: {node: '>=12'}
    cpu: [x64]
    os: [openbsd]

  '@esbuild/sunos-x64@0.21.5':
    resolution: {integrity: sha512-6+gjmFpfy0BHU5Tpptkuh8+uw3mnrvgs+dSPQXQOv3ekbordwnzTVEb4qnIvQcYXq6gzkyTnoZ9dZG+D4garKg==}
    engines: {node: '>=12'}
    cpu: [x64]
    os: [sunos]

  '@esbuild/win32-arm64@0.21.5':
    resolution: {integrity: sha512-Z0gOTd75VvXqyq7nsl93zwahcTROgqvuAcYDUr+vOv8uHhNSKROyU961kgtCD1e95IqPKSQKH7tBTslnS3tA8A==}
    engines: {node: '>=12'}
    cpu: [arm64]
    os: [win32]

  '@esbuild/win32-ia32@0.21.5':
    resolution: {integrity: sha512-SWXFF1CL2RVNMaVs+BBClwtfZSvDgtL//G/smwAc5oVK/UPu2Gu9tIaRgFmYFFKrmg3SyAjSrElf0TiJ1v8fYA==}
    engines: {node: '>=12'}
    cpu: [ia32]
    os: [win32]

  '@esbuild/win32-x64@0.21.5':
    resolution: {integrity: sha512-tQd/1efJuzPC6rCFwEvLtci/xNFcTZknmXs98FYDfGE4wP9ClFV98nyKrzJKVPMhdDnjzLhdUyMX4PsQAPjwIw==}
    engines: {node: '>=12'}
    cpu: [x64]
    os: [win32]

  '@kaplayjs/dprint-config@1.0.1':
    resolution: {integrity: sha512-tCG2EemNl2RJerc1Im3qiBMpfGxmiyK2AAxIGeXD0EKz1toWOdeW/A+4e8eztQIFQFCYYgxXCsnKti/xFmcZmw==}
    hasBin: true

  '@rollup/rollup-android-arm-eabi@4.21.0':
    resolution: {integrity: sha512-WTWD8PfoSAJ+qL87lE7votj3syLavxunWhzCnx3XFxFiI/BA/r3X7MUM8dVrH8rb2r4AiO8jJsr3ZjdaftmnfA==}
    cpu: [arm]
    os: [android]

  '@rollup/rollup-android-arm64@4.21.0':
    resolution: {integrity: sha512-a1sR2zSK1B4eYkiZu17ZUZhmUQcKjk2/j9Me2IDjk1GHW7LB5Z35LEzj9iJch6gtUfsnvZs1ZNyDW2oZSThrkA==}
    cpu: [arm64]
    os: [android]

  '@rollup/rollup-darwin-arm64@4.21.0':
    resolution: {integrity: sha512-zOnKWLgDld/svhKO5PD9ozmL6roy5OQ5T4ThvdYZLpiOhEGY+dp2NwUmxK0Ld91LrbjrvtNAE0ERBwjqhZTRAA==}
    cpu: [arm64]
    os: [darwin]

  '@rollup/rollup-darwin-x64@4.21.0':
    resolution: {integrity: sha512-7doS8br0xAkg48SKE2QNtMSFPFUlRdw9+votl27MvT46vo44ATBmdZdGysOevNELmZlfd+NEa0UYOA8f01WSrg==}
    cpu: [x64]
    os: [darwin]

  '@rollup/rollup-linux-arm-gnueabihf@4.21.0':
    resolution: {integrity: sha512-pWJsfQjNWNGsoCq53KjMtwdJDmh/6NubwQcz52aEwLEuvx08bzcy6tOUuawAOncPnxz/3siRtd8hiQ32G1y8VA==}
    cpu: [arm]
    os: [linux]

  '@rollup/rollup-linux-arm-musleabihf@4.21.0':
    resolution: {integrity: sha512-efRIANsz3UHZrnZXuEvxS9LoCOWMGD1rweciD6uJQIx2myN3a8Im1FafZBzh7zk1RJ6oKcR16dU3UPldaKd83w==}
    cpu: [arm]
    os: [linux]

  '@rollup/rollup-linux-arm64-gnu@4.21.0':
    resolution: {integrity: sha512-ZrPhydkTVhyeGTW94WJ8pnl1uroqVHM3j3hjdquwAcWnmivjAwOYjTEAuEDeJvGX7xv3Z9GAvrBkEzCgHq9U1w==}
    cpu: [arm64]
    os: [linux]

  '@rollup/rollup-linux-arm64-musl@4.21.0':
    resolution: {integrity: sha512-cfaupqd+UEFeURmqNP2eEvXqgbSox/LHOyN9/d2pSdV8xTrjdg3NgOFJCtc1vQ/jEke1qD0IejbBfxleBPHnPw==}
    cpu: [arm64]
    os: [linux]

  '@rollup/rollup-linux-powerpc64le-gnu@4.21.0':
    resolution: {integrity: sha512-ZKPan1/RvAhrUylwBXC9t7B2hXdpb/ufeu22pG2psV7RN8roOfGurEghw1ySmX/CmDDHNTDDjY3lo9hRlgtaHg==}
    cpu: [ppc64]
    os: [linux]

  '@rollup/rollup-linux-riscv64-gnu@4.21.0':
    resolution: {integrity: sha512-H1eRaCwd5E8eS8leiS+o/NqMdljkcb1d6r2h4fKSsCXQilLKArq6WS7XBLDu80Yz+nMqHVFDquwcVrQmGr28rg==}
    cpu: [riscv64]
    os: [linux]

  '@rollup/rollup-linux-s390x-gnu@4.21.0':
    resolution: {integrity: sha512-zJ4hA+3b5tu8u7L58CCSI0A9N1vkfwPhWd/puGXwtZlsB5bTkwDNW/+JCU84+3QYmKpLi+XvHdmrlwUwDA6kqw==}
    cpu: [s390x]
    os: [linux]

  '@rollup/rollup-linux-x64-gnu@4.21.0':
    resolution: {integrity: sha512-e2hrvElFIh6kW/UNBQK/kzqMNY5mO+67YtEh9OA65RM5IJXYTWiXjX6fjIiPaqOkBthYF1EqgiZ6OXKcQsM0hg==}
    cpu: [x64]
    os: [linux]

  '@rollup/rollup-linux-x64-musl@4.21.0':
    resolution: {integrity: sha512-1vvmgDdUSebVGXWX2lIcgRebqfQSff0hMEkLJyakQ9JQUbLDkEaMsPTLOmyccyC6IJ/l3FZuJbmrBw/u0A0uCQ==}
    cpu: [x64]
    os: [linux]

  '@rollup/rollup-win32-arm64-msvc@4.21.0':
    resolution: {integrity: sha512-s5oFkZ/hFcrlAyBTONFY1TWndfyre1wOMwU+6KCpm/iatybvrRgmZVM+vCFwxmC5ZhdlgfE0N4XorsDpi7/4XQ==}
    cpu: [arm64]
    os: [win32]

  '@rollup/rollup-win32-ia32-msvc@4.21.0':
    resolution: {integrity: sha512-G9+TEqRnAA6nbpqyUqgTiopmnfgnMkR3kMukFBDsiyy23LZvUCpiUwjTRx6ezYCjJODXrh52rBR9oXvm+Fp5wg==}
    cpu: [ia32]
    os: [win32]

  '@rollup/rollup-win32-x64-msvc@4.21.0':
    resolution: {integrity: sha512-2jsCDZwtQvRhejHLfZ1JY6w6kEuEtfF9nzYsZxzSlNVKDX+DpsDJ+Rbjkm74nvg2rdx0gwBS+IMdvwJuq3S9pQ==}
    cpu: [x64]
    os: [win32]

  '@types/crypto-js@4.2.2':
    resolution: {integrity: sha512-sDOLlVbHhXpAUAL0YHDUUwDZf3iN4Bwi4W6a0W0b+QcAezUbRtH4FVb+9J4h+XFPW7l/gQ9F8qC7P+Ec4k8QVQ==}

  '@types/estree@1.0.5':
    resolution: {integrity: sha512-/kYRxGDLWzHOB7q+wtSUQlFrtcdUccpfy+X+9iMBpHK8QLLhx2wIPYuS5DYtR9Wa/YlZAbIovy7qVdB1Aq6Lyw==}

  '@types/node@20.12.13':
    resolution: {integrity: sha512-gBGeanV41c1L171rR7wjbMiEpEI/l5XFQdLLfhr/REwpgDy/4U8y89+i8kRiLzDyZdOkXh+cRaTetUnCYutoXA==}

  ansi-regex@5.0.1:
    resolution: {integrity: sha512-quJQXlTSUGL2LH9SUXo8VwsY4soanhgo6LNSm84E1LBcE8s3O0wpdiRzyR9z/ZZJMlMWv37qOOb9pdJlMUEKFQ==}
    engines: {node: '>=8'}

  ansi-styles@4.3.0:
    resolution: {integrity: sha512-zbB9rCJAT1rbjiVDb2hqKFHNYLxgtk8NURxZ3IZwD3F6NtxbXZQCnnSi1Lkx+IDohdPlFp222wVALIheZJQSEg==}
    engines: {node: '>=8'}

  cliui@8.0.1:
    resolution: {integrity: sha512-BSeNnyus75C4//NQ9gQt1/csTXyo/8Sb+afLAkzAptFuMsod9HFokGNudZpi/oQV73hnVK+sR+5PVRMd+Dr7YQ==}
    engines: {node: '>=12'}

  color-convert@2.0.1:
    resolution: {integrity: sha512-RRECPsj7iu/xb5oKYcsFHSppFNnsj/52OVTRKb4zP5onXwVF3zVmmToNcOfGC+CRDpfK/U584fMg38ZHCaElKQ==}
    engines: {node: '>=7.0.0'}

  color-name@1.1.4:
    resolution: {integrity: sha512-dOy+3AuW3a2wNbZHIuMZpTcgjGuLU/uBL/ubcZF9OXbDo8ff4O8yVp5Bf0efS8uEoYo5q4Fx7dY9OgQGXgAsQA==}

  commander@12.1.0:
    resolution: {integrity: sha512-Vw8qHK3bZM9y/P10u3Vib8o/DdkvA2OtPtZvD871QKjy74Wj1WSKFILMPRPSdUSx5RFK1arlJzEtA4PkFgnbuA==}
    engines: {node: '>=18'}

  crypto-js@4.2.0:
    resolution: {integrity: sha512-KALDyEYgpY+Rlob/iriUtjV6d5Eq+Y191A5g4UqLAi8CyGP9N1+FdVbkc1SxKc2r4YAYqG8JzO2KGL+AizD70Q==}

  dprint@0.45.1:
    resolution: {integrity: sha512-OYefcDgxd6jSdig/Cfkw1vdvyiOIRruCPnqGBbXpc95buDt9kvwL+Lic1OHc+SaQSsQub0BUZMd5+TNgy8Sh3A==}
    hasBin: true

  dprint@0.47.2:
    resolution: {integrity: sha512-geUcVIIrmLaY+YtuOl4gD7J/QCjsXZa5gUqre9sO6cgH0X/Fa9heBN3l/AWVII6rKPw45ATuCSDWz1pyO+HkPQ==}
    hasBin: true

  dts-bundle-generator@9.5.1:
    resolution: {integrity: sha512-DxpJOb2FNnEyOzMkG11sxO2dmxPjthoVWxfKqWYJ/bI/rT1rvTMktF5EKjAYrRZu6Z6t3NhOUZ0sZ5ZXevOfbA==}
    engines: {node: '>=14.0.0'}
    hasBin: true

  emoji-regex@8.0.0:
    resolution: {integrity: sha512-MSjYzcWNOA0ewAHpz0MxpYFvwg6yjy1NG3xteoqz644VCo/RPgnr1/GGt+ic3iJTzQ8Eu3TdM14SawnVUmGE6A==}

  esbuild-android-arm64@0.13.15:
    resolution: {integrity: sha512-m602nft/XXeO8YQPUDVoHfjyRVPdPgjyyXOxZ44MK/agewFFkPa8tUo6lAzSWh5Ui5PB4KR9UIFTSBKh/RrCmg==}
    cpu: [arm64]
    os: [android]

  esbuild-darwin-64@0.13.15:
    resolution: {integrity: sha512-ihOQRGs2yyp7t5bArCwnvn2Atr6X4axqPpEdCFPVp7iUj4cVSdisgvEKdNR7yH3JDjW6aQDw40iQFoTqejqxvQ==}
    cpu: [x64]
    os: [darwin]

  esbuild-darwin-arm64@0.13.15:
    resolution: {integrity: sha512-i1FZssTVxUqNlJ6cBTj5YQj4imWy3m49RZRnHhLpefFIh0To05ow9DTrXROTE1urGTQCloFUXTX8QfGJy1P8dQ==}
    cpu: [arm64]
    os: [darwin]

  esbuild-freebsd-64@0.13.15:
    resolution: {integrity: sha512-G3dLBXUI6lC6Z09/x+WtXBXbOYQZ0E8TDBqvn7aMaOCzryJs8LyVXKY4CPnHFXZAbSwkCbqiPuSQ1+HhrNk7EA==}
    cpu: [x64]
    os: [freebsd]

  esbuild-freebsd-arm64@0.13.15:
    resolution: {integrity: sha512-KJx0fzEDf1uhNOZQStV4ujg30WlnwqUASaGSFPhznLM/bbheu9HhqZ6mJJZM32lkyfGJikw0jg7v3S0oAvtvQQ==}
    cpu: [arm64]
    os: [freebsd]

  esbuild-linux-32@0.13.15:
    resolution: {integrity: sha512-ZvTBPk0YWCLMCXiFmD5EUtB30zIPvC5Itxz0mdTu/xZBbbHJftQgLWY49wEPSn2T/TxahYCRDWun5smRa0Tu+g==}
    cpu: [ia32]
    os: [linux]

  esbuild-linux-64@0.13.15:
    resolution: {integrity: sha512-eCKzkNSLywNeQTRBxJRQ0jxRCl2YWdMB3+PkWFo2BBQYC5mISLIVIjThNtn6HUNqua1pnvgP5xX0nHbZbPj5oA==}
    cpu: [x64]
    os: [linux]

  esbuild-linux-arm64@0.13.15:
    resolution: {integrity: sha512-bYpuUlN6qYU9slzr/ltyLTR9YTBS7qUDymO8SV7kjeNext61OdmqFAzuVZom+OLW1HPHseBfJ/JfdSlx8oTUoA==}
    cpu: [arm64]
    os: [linux]

  esbuild-linux-arm@0.13.15:
    resolution: {integrity: sha512-wUHttDi/ol0tD8ZgUMDH8Ef7IbDX+/UsWJOXaAyTdkT7Yy9ZBqPg8bgB/Dn3CZ9SBpNieozrPRHm0BGww7W/jA==}
    cpu: [arm]
    os: [linux]

  esbuild-linux-mips64le@0.13.15:
    resolution: {integrity: sha512-KlVjIG828uFPyJkO/8gKwy9RbXhCEUeFsCGOJBepUlpa7G8/SeZgncUEz/tOOUJTcWMTmFMtdd3GElGyAtbSWg==}
    cpu: [mips64el]
    os: [linux]

  esbuild-linux-ppc64le@0.13.15:
    resolution: {integrity: sha512-h6gYF+OsaqEuBjeesTBtUPw0bmiDu7eAeuc2OEH9S6mV9/jPhPdhOWzdeshb0BskRZxPhxPOjqZ+/OqLcxQwEQ==}
    cpu: [ppc64]
    os: [linux]

  esbuild-netbsd-64@0.13.15:
    resolution: {integrity: sha512-3+yE9emwoevLMyvu+iR3rsa+Xwhie7ZEHMGDQ6dkqP/ndFzRHkobHUKTe+NCApSqG5ce2z4rFu+NX/UHnxlh3w==}
    cpu: [x64]
    os: [netbsd]

  esbuild-openbsd-64@0.13.15:
    resolution: {integrity: sha512-wTfvtwYJYAFL1fSs8yHIdf5GEE4NkbtbXtjLWjM3Cw8mmQKqsg8kTiqJ9NJQe5NX/5Qlo7Xd9r1yKMMkHllp5g==}
    cpu: [x64]
    os: [openbsd]

  esbuild-sunos-64@0.13.15:
    resolution: {integrity: sha512-lbivT9Bx3t1iWWrSnGyBP9ODriEvWDRiweAs69vI+miJoeKwHWOComSRukttbuzjZ8r1q0mQJ8Z7yUsDJ3hKdw==}
    cpu: [x64]
    os: [sunos]

  esbuild-windows-32@0.13.15:
    resolution: {integrity: sha512-fDMEf2g3SsJ599MBr50cY5ve5lP1wyVwTe6aLJsM01KtxyKkB4UT+fc5MXQFn3RLrAIAZOG+tHC+yXObpSn7Nw==}
    cpu: [ia32]
    os: [win32]

  esbuild-windows-64@0.13.15:
    resolution: {integrity: sha512-9aMsPRGDWCd3bGjUIKG/ZOJPKsiztlxl/Q3C1XDswO6eNX/Jtwu4M+jb6YDH9hRSUflQWX0XKAfWzgy5Wk54JQ==}
    cpu: [x64]
    os: [win32]

  esbuild-windows-arm64@0.13.15:
    resolution: {integrity: sha512-zzvyCVVpbwQQATaf3IG8mu1IwGEiDxKkYUdA4FpoCHi1KtPa13jeScYDjlW0Qh+ebWzpKfR2ZwvqAQkSWNcKjA==}
    cpu: [arm64]
    os: [win32]

  esbuild@0.13.15:
    resolution: {integrity: sha512-raCxt02HBKv8RJxE8vkTSCXGIyKHdEdGfUmiYb8wnabnaEmHzyW7DCHb5tEN0xU8ryqg5xw54mcwnYkC4x3AIw==}
    hasBin: true

  esbuild@0.21.5:
    resolution: {integrity: sha512-mg3OPMV4hXywwpoDxu3Qda5xCKQi+vCTZq8S9J/EpkhB2HzKXq4SNFZE3+NK93JYxc8VMSep+lOUSC/RVKaBqw==}
    engines: {node: '>=12'}
    hasBin: true

  escalade@3.1.2:
    resolution: {integrity: sha512-ErCHMCae19vR8vQGe50xIsVomy19rg6gFu3+r3jkEO46suLMWBksvVyoGgQV+jOfl84ZSOSlmv6Gxa89PmTGmA==}
    engines: {node: '>=6'}

  fsevents@2.3.3:
    resolution: {integrity: sha512-5xoDfX+fL7faATnagmWPpbFtwh/R77WmMMqqHGS65C3vvB0YHrgF+B1YmZ3441tMj5n63k0212XNoJwzlhffQw==}
    engines: {node: ^8.16.0 || ^10.6.0 || >=11.0.0}
    os: [darwin]

  get-caller-file@2.0.5:
    resolution: {integrity: sha512-DyFP3BM/3YHTQOCUL/w0OZHR0lpKeGrxotcHWcqNEdnltqFwXVfhEBQ94eIo34AfQpo0rGki4cyIiftY06h2Fg==}
    engines: {node: 6.* || 8.* || >= 10.*}

  is-fullwidth-code-point@3.0.0:
    resolution: {integrity: sha512-zymm5+u+sCsSWyD9qNaejV3DFvhCKclKdizYaJUuHA83RLjb7nSuGnddCHGv0hk+KY7BMAlsWeK4Ueg6EV6XQg==}
    engines: {node: '>=8'}

  kapcacher@0.2.2:
    resolution: {integrity: sha512-vXKAxmbrjB3pI9nStXwVTkrN2fY8iJKOM+0nN+WDlnSj1jikJYqcPJp/Tv4gQskEO13IKcgyDhoWhucreZbmcA==}

  kaplay@3000.1.17:
    resolution: {integrity: sha512-h2dwFuxGS7jrTTQafRLzxbBbG/M6yvV3kT4DvmbefWzwYr//68cNKl1Rz4l61bTDjEZTXcOzNwtsS2mwEJl5FQ==}

  kaplay@3001.0.0-alpha.22:
    resolution: {integrity: sha512-gTecxN/NmVQVK5vGrkl87j3Xf+Lc7nWj5qJAShV3B+zykbS0u6P1hAxHSLVnbQ3aSn0LokQ/5GGDop1u2mwvjw==}

  nanoid@3.3.7:
    resolution: {integrity: sha512-eSRppjcPIatRIMC1U6UngP8XFcz8MQWGQdt1MTBQ7NaAmvXDfvNxbvWV3x2y6CdEUciCSsDHDQZbhYaB8QEo2g==}
    engines: {node: ^10 || ^12 || ^13.7 || ^14 || >=15.0.1}
    hasBin: true

  picocolors@1.0.1:
    resolution: {integrity: sha512-anP1Z8qwhkbmu7MFP5iTt+wQKXgwzf7zTyGlcdzabySa9vd0Xt392U0rVmz9poOaBj0uHJKyyo9/upk0HrEQew==}

  postcss@8.4.41:
    resolution: {integrity: sha512-TesUflQ0WKZqAvg52PWL6kHgLKP6xB6heTOdoYM0Wt2UHyxNa4K25EZZMgKns3BH1RLVbZCREPpLY0rhnNoHVQ==}
    engines: {node: ^10 || ^12 || >=14}

  require-directory@2.1.1:
    resolution: {integrity: sha512-fGxEI7+wsG9xrvdjsrlmL22OMTTiHRwAMroiEeMgq8gzoLC/PQr7RsRDSTLUg/bZAZtF+TVIkHc6/4RIKrui+Q==}
    engines: {node: '>=0.10.0'}

  rollup@4.21.0:
    resolution: {integrity: sha512-vo+S/lfA2lMS7rZ2Qoubi6I5hwZwzXeUIctILZLbHI+laNtvhhOIon2S1JksA5UEDQ7l3vberd0fxK44lTYjbQ==}
    engines: {node: '>=18.0.0', npm: '>=8.0.0'}
    hasBin: true

  source-map-js@1.2.0:
    resolution: {integrity: sha512-itJW8lvSA0TXEphiRoawsCksnlf8SyvmFzIhltqAHluXd88pkCd+cXJVHTDwdCr0IzwptSm035IHQktUu1QUMg==}
    engines: {node: '>=0.10.0'}

  string-width@4.2.3:
    resolution: {integrity: sha512-wKyQRQpjJ0sIp62ErSZdGsjMJWsap5oRNihHhu6G7JVO/9jIB6UyevL+tXuOqrng8j/cxKTWyWUwvSTriiZz/g==}
    engines: {node: '>=8'}

  strip-ansi@6.0.1:
    resolution: {integrity: sha512-Y38VPSHcqkFrCpFnQ9vuSXmquuv5oXOKpGeT6aGrr3o3Gc9AlVa6JBfUSOCnbxGGZF+/0ooI7KrPuUSztUdU5A==}
    engines: {node: '>=8'}

  typescript@5.4.5:
    resolution: {integrity: sha512-vcI4UpRgg81oIRUFwR0WSIHKt11nJ7SAVlYNIu+QpqeyXP+gpQJy/Z4+F0aGxSE4MqwjyXvW/TzgkLAx2AGHwQ==}
    engines: {node: '>=14.17'}
    hasBin: true

  undici-types@5.26.5:
    resolution: {integrity: sha512-JlCMO+ehdEIKqlFxk6IfVoAUVmgz7cU7zD/h9XZ0qzeosSHmUJVOzSQvvYSYWXkFXC+IfLKSIffhv0sVZup6pA==}

  vite@5.4.2:
    resolution: {integrity: sha512-dDrQTRHp5C1fTFzcSaMxjk6vdpKvT+2/mIdE07Gw2ykehT49O0z/VHS3zZ8iV/Gh8BJJKHWOe5RjaNrW5xf/GA==}
    engines: {node: ^18.0.0 || >=20.0.0}
    hasBin: true
    peerDependencies:
      '@types/node': ^18.0.0 || >=20.0.0
      less: '*'
      lightningcss: ^1.21.0
      sass: '*'
      sass-embedded: '*'
      stylus: '*'
      sugarss: '*'
      terser: ^5.4.0
    peerDependenciesMeta:
      '@types/node':
        optional: true
      less:
        optional: true
      lightningcss:
        optional: true
      sass:
        optional: true
      sass-embedded:
        optional: true
      stylus:
        optional: true
      sugarss:
        optional: true
      terser:
        optional: true

  wrap-ansi@7.0.0:
    resolution: {integrity: sha512-YVGIj2kamLSTxw6NsZjoBxfSwsn0ycdesmc4p+Q21c5zPuZ1pl+NfxVdxPtdHvmNVOQ6XSYG4AUtyt/Fi7D16Q==}
    engines: {node: '>=10'}

  y18n@5.0.8:
    resolution: {integrity: sha512-0pfFzegeDWJHJIAmTLRP2DwHjdF5s7jo9tuztdQxAhINCdvS+3nGINqPd00AphqJR/0LhANUS6/+7SCb98YOfA==}
    engines: {node: '>=10'}

  yargs-parser@21.1.1:
    resolution: {integrity: sha512-tVpsJW7DdjecAiFpbIB1e3qxIQsE6NoPc5/eTdrbbIC4h0LVsWhnoa3g+m2HclBIujHzsxZ4VJVA+GUuc2/LBw==}
    engines: {node: '>=12'}

  yargs@17.7.2:
    resolution: {integrity: sha512-7dSzzRQ++CKnNI/krKnYRV7JKKPUXMEh61soaHKg9mrWEhzFWhFnxPxGl+69cD1Ou63C13NUPCnmIcrvqCuM6w==}
    engines: {node: '>=12'}

snapshots:

  '@dprint/darwin-arm64@0.45.1':
    optional: true

  '@dprint/darwin-arm64@0.47.2':
    optional: true

  '@dprint/darwin-x64@0.45.1':
    optional: true

  '@dprint/darwin-x64@0.47.2':
    optional: true

  '@dprint/linux-arm64-glibc@0.45.1':
    optional: true

  '@dprint/linux-arm64-glibc@0.47.2':
    optional: true

  '@dprint/linux-arm64-musl@0.45.1':
    optional: true

  '@dprint/linux-arm64-musl@0.47.2':
    optional: true

  '@dprint/linux-x64-glibc@0.45.1':
    optional: true

  '@dprint/linux-x64-glibc@0.47.2':
    optional: true

  '@dprint/linux-x64-musl@0.45.1':
    optional: true

  '@dprint/linux-x64-musl@0.47.2':
    optional: true

  '@dprint/win32-arm64@0.47.2':
    optional: true

  '@dprint/win32-x64@0.45.1':
    optional: true

  '@dprint/win32-x64@0.47.2':
    optional: true

  '@esbuild/aix-ppc64@0.21.5':
    optional: true

  '@esbuild/android-arm64@0.21.5':
    optional: true

  '@esbuild/android-arm@0.21.5':
    optional: true

  '@esbuild/android-x64@0.21.5':
    optional: true

  '@esbuild/darwin-arm64@0.21.5':
    optional: true

  '@esbuild/darwin-x64@0.21.5':
    optional: true

  '@esbuild/freebsd-arm64@0.21.5':
    optional: true

  '@esbuild/freebsd-x64@0.21.5':
    optional: true

  '@esbuild/linux-arm64@0.21.5':
    optional: true

  '@esbuild/linux-arm@0.21.5':
    optional: true

  '@esbuild/linux-ia32@0.21.5':
    optional: true

  '@esbuild/linux-loong64@0.21.5':
    optional: true

  '@esbuild/linux-mips64el@0.21.5':
    optional: true

  '@esbuild/linux-ppc64@0.21.5':
    optional: true

  '@esbuild/linux-riscv64@0.21.5':
    optional: true

  '@esbuild/linux-s390x@0.21.5':
    optional: true

  '@esbuild/linux-x64@0.21.5':
    optional: true

  '@esbuild/netbsd-x64@0.21.5':
    optional: true

  '@esbuild/openbsd-x64@0.21.5':
    optional: true

  '@esbuild/sunos-x64@0.21.5':
    optional: true

  '@esbuild/win32-arm64@0.21.5':
    optional: true

  '@esbuild/win32-ia32@0.21.5':
    optional: true

  '@esbuild/win32-x64@0.21.5':
    optional: true

  '@kaplayjs/dprint-config@1.0.1':
    dependencies:
      commander: 12.1.0
      dprint: 0.47.2

  '@rollup/rollup-android-arm-eabi@4.21.0':
    optional: true

  '@rollup/rollup-android-arm64@4.21.0':
    optional: true

  '@rollup/rollup-darwin-arm64@4.21.0':
    optional: true

  '@rollup/rollup-darwin-x64@4.21.0':
    optional: true

  '@rollup/rollup-linux-arm-gnueabihf@4.21.0':
    optional: true

  '@rollup/rollup-linux-arm-musleabihf@4.21.0':
    optional: true

  '@rollup/rollup-linux-arm64-gnu@4.21.0':
    optional: true

  '@rollup/rollup-linux-arm64-musl@4.21.0':
    optional: true

  '@rollup/rollup-linux-powerpc64le-gnu@4.21.0':
    optional: true

  '@rollup/rollup-linux-riscv64-gnu@4.21.0':
    optional: true

  '@rollup/rollup-linux-s390x-gnu@4.21.0':
    optional: true

  '@rollup/rollup-linux-x64-gnu@4.21.0':
    optional: true

  '@rollup/rollup-linux-x64-musl@4.21.0':
    optional: true

  '@rollup/rollup-win32-arm64-msvc@4.21.0':
    optional: true

  '@rollup/rollup-win32-ia32-msvc@4.21.0':
    optional: true

  '@rollup/rollup-win32-x64-msvc@4.21.0':
    optional: true

  '@types/crypto-js@4.2.2': {}

  '@types/estree@1.0.5': {}

  '@types/node@20.12.13':
    dependencies:
      undici-types: 5.26.5

  ansi-regex@5.0.1: {}

  ansi-styles@4.3.0:
    dependencies:
      color-convert: 2.0.1

  cliui@8.0.1:
    dependencies:
      string-width: 4.2.3
      strip-ansi: 6.0.1
      wrap-ansi: 7.0.0

  color-convert@2.0.1:
    dependencies:
      color-name: 1.1.4

  color-name@1.1.4: {}

  commander@12.1.0: {}

  crypto-js@4.2.0: {}

  dprint@0.45.1:
    optionalDependencies:
      '@dprint/darwin-arm64': 0.45.1
      '@dprint/darwin-x64': 0.45.1
      '@dprint/linux-arm64-glibc': 0.45.1
      '@dprint/linux-arm64-musl': 0.45.1
      '@dprint/linux-x64-glibc': 0.45.1
      '@dprint/linux-x64-musl': 0.45.1
      '@dprint/win32-x64': 0.45.1

  dprint@0.47.2:
    optionalDependencies:
      '@dprint/darwin-arm64': 0.47.2
      '@dprint/darwin-x64': 0.47.2
      '@dprint/linux-arm64-glibc': 0.47.2
      '@dprint/linux-arm64-musl': 0.47.2
      '@dprint/linux-x64-glibc': 0.47.2
      '@dprint/linux-x64-musl': 0.47.2
      '@dprint/win32-arm64': 0.47.2
      '@dprint/win32-x64': 0.47.2

  dts-bundle-generator@9.5.1:
    dependencies:
      typescript: 5.4.5
      yargs: 17.7.2

  emoji-regex@8.0.0: {}

  esbuild-android-arm64@0.13.15:
    optional: true

  esbuild-darwin-64@0.13.15:
    optional: true

  esbuild-darwin-arm64@0.13.15:
    optional: true

  esbuild-freebsd-64@0.13.15:
    optional: true

  esbuild-freebsd-arm64@0.13.15:
    optional: true

  esbuild-linux-32@0.13.15:
    optional: true

  esbuild-linux-64@0.13.15:
    optional: true

  esbuild-linux-arm64@0.13.15:
    optional: true

  esbuild-linux-arm@0.13.15:
    optional: true

  esbuild-linux-mips64le@0.13.15:
    optional: true

  esbuild-linux-ppc64le@0.13.15:
    optional: true

  esbuild-netbsd-64@0.13.15:
    optional: true

  esbuild-openbsd-64@0.13.15:
    optional: true

  esbuild-sunos-64@0.13.15:
    optional: true

  esbuild-windows-32@0.13.15:
    optional: true

  esbuild-windows-64@0.13.15:
    optional: true

  esbuild-windows-arm64@0.13.15:
    optional: true

  esbuild@0.13.15:
    optionalDependencies:
      esbuild-android-arm64: 0.13.15
      esbuild-darwin-64: 0.13.15
      esbuild-darwin-arm64: 0.13.15
      esbuild-freebsd-64: 0.13.15
      esbuild-freebsd-arm64: 0.13.15
      esbuild-linux-32: 0.13.15
      esbuild-linux-64: 0.13.15
      esbuild-linux-arm: 0.13.15
      esbuild-linux-arm64: 0.13.15
      esbuild-linux-mips64le: 0.13.15
      esbuild-linux-ppc64le: 0.13.15
      esbuild-netbsd-64: 0.13.15
      esbuild-openbsd-64: 0.13.15
      esbuild-sunos-64: 0.13.15
      esbuild-windows-32: 0.13.15
      esbuild-windows-64: 0.13.15
      esbuild-windows-arm64: 0.13.15

  esbuild@0.21.5:
    optionalDependencies:
      '@esbuild/aix-ppc64': 0.21.5
      '@esbuild/android-arm': 0.21.5
      '@esbuild/android-arm64': 0.21.5
      '@esbuild/android-x64': 0.21.5
      '@esbuild/darwin-arm64': 0.21.5
      '@esbuild/darwin-x64': 0.21.5
      '@esbuild/freebsd-arm64': 0.21.5
      '@esbuild/freebsd-x64': 0.21.5
      '@esbuild/linux-arm': 0.21.5
      '@esbuild/linux-arm64': 0.21.5
      '@esbuild/linux-ia32': 0.21.5
      '@esbuild/linux-loong64': 0.21.5
      '@esbuild/linux-mips64el': 0.21.5
      '@esbuild/linux-ppc64': 0.21.5
      '@esbuild/linux-riscv64': 0.21.5
      '@esbuild/linux-s390x': 0.21.5
      '@esbuild/linux-x64': 0.21.5
      '@esbuild/netbsd-x64': 0.21.5
      '@esbuild/openbsd-x64': 0.21.5
      '@esbuild/sunos-x64': 0.21.5
      '@esbuild/win32-arm64': 0.21.5
      '@esbuild/win32-ia32': 0.21.5
      '@esbuild/win32-x64': 0.21.5

  escalade@3.1.2: {}

  fsevents@2.3.3:
    optional: true

  get-caller-file@2.0.5: {}

  is-fullwidth-code-point@3.0.0: {}

  kapcacher@0.2.2:
    dependencies:
      kaplay: 3000.1.17

  kaplay@3000.1.17: {}

  kaplay@3001.0.0-alpha.22:
    dependencies:
      '@kaplayjs/dprint-config': 1.0.1

  nanoid@3.3.7: {}

  picocolors@1.0.1: {}

  postcss@8.4.41:
    dependencies:
      nanoid: 3.3.7
      picocolors: 1.0.1
      source-map-js: 1.2.0

  require-directory@2.1.1: {}

  rollup@4.21.0:
    dependencies:
      '@types/estree': 1.0.5
    optionalDependencies:
      '@rollup/rollup-android-arm-eabi': 4.21.0
      '@rollup/rollup-android-arm64': 4.21.0
      '@rollup/rollup-darwin-arm64': 4.21.0
      '@rollup/rollup-darwin-x64': 4.21.0
      '@rollup/rollup-linux-arm-gnueabihf': 4.21.0
      '@rollup/rollup-linux-arm-musleabihf': 4.21.0
      '@rollup/rollup-linux-arm64-gnu': 4.21.0
      '@rollup/rollup-linux-arm64-musl': 4.21.0
      '@rollup/rollup-linux-powerpc64le-gnu': 4.21.0
      '@rollup/rollup-linux-riscv64-gnu': 4.21.0
      '@rollup/rollup-linux-s390x-gnu': 4.21.0
      '@rollup/rollup-linux-x64-gnu': 4.21.0
      '@rollup/rollup-linux-x64-musl': 4.21.0
      '@rollup/rollup-win32-arm64-msvc': 4.21.0
      '@rollup/rollup-win32-ia32-msvc': 4.21.0
      '@rollup/rollup-win32-x64-msvc': 4.21.0
      fsevents: 2.3.3

  source-map-js@1.2.0: {}

  string-width@4.2.3:
    dependencies:
      emoji-regex: 8.0.0
      is-fullwidth-code-point: 3.0.0
      strip-ansi: 6.0.1

  strip-ansi@6.0.1:
    dependencies:
      ansi-regex: 5.0.1

  typescript@5.4.5: {}

  undici-types@5.26.5: {}

  vite@5.4.2(@types/node@20.12.13):
    dependencies:
      esbuild: 0.21.5
      postcss: 8.4.41
      rollup: 4.21.0
    optionalDependencies:
      '@types/node': 20.12.13
      fsevents: 2.3.3

  wrap-ansi@7.0.0:
    dependencies:
      ansi-styles: 4.3.0
      string-width: 4.2.3
      strip-ansi: 6.0.1

  y18n@5.0.8: {}

  yargs-parser@21.1.1: {}

  yargs@17.7.2:
    dependencies:
      cliui: 8.0.1
      escalade: 3.1.2
      get-caller-file: 2.0.5
      require-directory: 2.1.1
      string-width: 4.2.3
      y18n: 5.0.8
      yargs-parser: 21.1.1
